
Microsoft Visual Studio Solution File, Format Version 12.00
# Visual Studio Version 16
VisualStudioVersion = 16.0.30413.136
MinimumVisualStudioVersion = 10.0.40219.1
Project("{8BC9CEB8-8B4A-11D0-8D11-00A0C91BC942}") = "Killer", "Killer\Killer.vcxproj", "{A06921F8-65CD-4CE3-8F77-2B29C94D86E9}"
EndProject
Global
	GlobalSection(SolutionConfigurationPlatforms) = preSolution
		Debug|x64 = Debug|x64
		Debug|x86 = Debug|x86
		Release|x64 = Release|x64
		Release|x86 = Release|x86
	EndGlobalSection
	GlobalSection(ProjectConfigurationPlatforms) = postSolution
		{A06921F8-65CD-4CE3-8F77-2B29C94D86E9}.Debug|x64.ActiveCfg = Debug|x64
		{A06921F8-65CD-4CE3-8F77-2B29C94D86E9}.Debug|x64.Build.0 = Debug|x64
		{A06921F8-65CD-4CE3-8F77-2B29C94D86E9}.Debug|x86.ActiveCfg = Debug|Win32
		{A06921F8-65CD-4CE3-8F77-2B29C94D86E9}.Debug|x86.Build.0 = Debug|Win32
		{A06921F8-65CD-4CE3-8F77-2B29C94D86E9}.Release|x64.ActiveCfg = Release|x64
		{A06921F8-65CD-4CE3-8F77-2B29C94D86E9}.Release|x64.Build.0 = Release|x64
		{A06921F8-65CD-4CE3-8F77-2B29C94D86E9}.Release|x86.ActiveCfg = Release|Win32
		{A06921F8-65CD-4CE3-8F77-2B29C94D86E9}.Release|x86.Build.0 = Release|Win32
	EndGlobalSection
	GlobalSection(SolutionProperties) = preSolution
		HideSolutionNode = FALSE
	EndGlobalSection
	GlobalSection(ExtensibilityGlobals) = postSolution
		SolutionGuid = {542074BD-3D32-4D04-A450-ABF45D832166}
	EndGlobalSection
EndGlobal
